
Microsoft Visual Studio Solution File, Format Version 12.00
# Visual Studio Version 16
VisualStudioVersion = 16.0.29025.244
MinimumVisualStudioVersion = 10.0.40219.1
Project("{FAE04EC0-301F-11D3-BF4B-00C04F79EFBC}") = "TP_SGIAMT", "TP_SGIAMT\TP_SGIAMT.csproj", "{4874280F-478E-4ABA-8C34-3EBC6302D7D2}"
EndProject
Global
	GlobalSection(SolutionConfigurationPlatforms) = preSolution
		Debug|Any CPU = Debug|Any CPU
		Release|Any CPU = Release|Any CPU
	EndGlobalSection
	GlobalSection(ProjectConfigurationPlatforms) = postSolution
		{4874280F-478E-4ABA-8C34-3EBC6302D7D2}.Debug|Any CPU.ActiveCfg = Debug|Any CPU
		{4874280F-478E-4ABA-8C34-3EBC6302D7D2}.Debug|Any CPU.Build.0 = Debug|Any CPU
		{4874280F-478E-4ABA-8C34-3EBC6302D7D2}.Release|Any CPU.ActiveCfg = Release|Any CPU
		{4874280F-478E-4ABA-8C34-3EBC6302D7D2}.Release|Any CPU.Build.0 = Release|Any CPU
	EndGlobalSection
	GlobalSection(SolutionProperties) = preSolution
		HideSolutionNode = FALSE
	EndGlobalSection
	GlobalSection(ExtensibilityGlobals) = postSolution
		SolutionGuid = {B5133EFA-6861-4E44-87F5-7C94499E049D}
	EndGlobalSection
EndGlobal
