
Microsoft Visual Studio Solution File, Format Version 12.00
# Visual Studio 15
VisualStudioVersion = 15.0.28307.645
MinimumVisualStudioVersion = 10.0.40219.1
Project("{FAE04EC0-301F-11D3-BF4B-00C04F79EFBC}") = "TP_SGIAMT", "TP_SGIAMT\TP_SGIAMT.csproj", "{F6D50498-C35F-4A4A-BEC9-67239C74544C}"
EndProject
Global
	GlobalSection(SolutionConfigurationPlatforms) = preSolution
		Debug|Any CPU = Debug|Any CPU
		Release|Any CPU = Release|Any CPU
	EndGlobalSection
	GlobalSection(ProjectConfigurationPlatforms) = postSolution
		{F6D50498-C35F-4A4A-BEC9-67239C74544C}.Debug|Any CPU.ActiveCfg = Debug|Any CPU
		{F6D50498-C35F-4A4A-BEC9-67239C74544C}.Debug|Any CPU.Build.0 = Debug|Any CPU
		{F6D50498-C35F-4A4A-BEC9-67239C74544C}.Release|Any CPU.ActiveCfg = Release|Any CPU
		{F6D50498-C35F-4A4A-BEC9-67239C74544C}.Release|Any CPU.Build.0 = Release|Any CPU
	EndGlobalSection
	GlobalSection(SolutionProperties) = preSolution
		HideSolutionNode = FALSE
	EndGlobalSection
	GlobalSection(ExtensibilityGlobals) = postSolution
		SolutionGuid = {CE0AAF15-34A1-43E5-AED4-133B593471E0}
	EndGlobalSection
EndGlobal
